("quicklisp" .
 (:class qlot/source/dist:source-dist
  :initargs (:distribution "https://beta.quicklisp.org/dist/quicklisp.txt" :%version :latest)
  :version "2026-01-01"))
("freebsd-sysctl" .
 (:class qlot/source/github:source-github
  :initargs (:repos "shamazmazum/freebsd-sysctl" :ref nil :branch nil :tag nil)
  :version "github-881cfb2f4c460e968d19d2ef5ef09c09700e4e40"))
